
Microsoft Visual Studio Solution File, Format Version 12.00
# Visual Studio 15
VisualStudioVersion = 15.0.28307.1022
MinimumVisualStudioVersion = 10.0.40219.1
Project("{FAE04EC0-301F-11D3-BF4B-00C04F79EFBC}") = "Manual", "Manual\Manual.csproj", "{433C6E70-79F3-4391-813A-D5F1FCAAE1DA}"
EndProject
Global
	GlobalSection(SolutionConfigurationPlatforms) = preSolution
		Debug|Any CPU = Debug|Any CPU
		Release|Any CPU = Release|Any CPU
	EndGlobalSection
	GlobalSection(ProjectConfigurationPlatforms) = postSolution
		{433C6E70-79F3-4391-813A-D5F1FCAAE1DA}.Debug|Any CPU.ActiveCfg = Debug|Any CPU
		{433C6E70-79F3-4391-813A-D5F1FCAAE1DA}.Debug|Any CPU.Build.0 = Debug|Any CPU
		{433C6E70-79F3-4391-813A-D5F1FCAAE1DA}.Release|Any CPU.ActiveCfg = Release|Any CPU
		{433C6E70-79F3-4391-813A-D5F1FCAAE1DA}.Release|Any CPU.Build.0 = Release|Any CPU
	EndGlobalSection
	GlobalSection(SolutionProperties) = preSolution
		HideSolutionNode = FALSE
	EndGlobalSection
	GlobalSection(ExtensibilityGlobals) = postSolution
		SolutionGuid = {2DCF494F-5BFD-4EB4-A2F5-5011EEE0108B}
	EndGlobalSection
EndGlobal
